
Microsoft Visual Studio Solution File, Format Version 12.00
# Visual Studio Version 17
VisualStudioVersion = 17.7.34024.191
MinimumVisualStudioVersion = 10.0.40219.1
Project("{FAE04EC0-301F-11D3-BF4B-00C04F79EFBC}") = "WinFormsApp4", "WinFormsApp4\WinFormsApp4.csproj", "{EFF0DA92-51D4-4A92-9220-279BA4CDBC71}"
EndProject
Global
	GlobalSection(SolutionConfigurationPlatforms) = preSolution
		Debug|Any CPU = Debug|Any CPU
		Release|Any CPU = Release|Any CPU
	EndGlobalSection
	GlobalSection(ProjectConfigurationPlatforms) = postSolution
		{EFF0DA92-51D4-4A92-9220-279BA4CDBC71}.Debug|Any CPU.ActiveCfg = Debug|Any CPU
		{EFF0DA92-51D4-4A92-9220-279BA4CDBC71}.Debug|Any CPU.Build.0 = Debug|Any CPU
		{EFF0DA92-51D4-4A92-9220-279BA4CDBC71}.Release|Any CPU.ActiveCfg = Release|Any CPU
		{EFF0DA92-51D4-4A92-9220-279BA4CDBC71}.Release|Any CPU.Build.0 = Release|Any CPU
	EndGlobalSection
	GlobalSection(SolutionProperties) = preSolution
		HideSolutionNode = FALSE
	EndGlobalSection
	GlobalSection(ExtensibilityGlobals) = postSolution
		SolutionGuid = {98E44F0F-06FB-434E-9EE4-A7B91CB44E56}
	EndGlobalSection
EndGlobal
